
Microsoft Visual Studio Solution File, Format Version 12.00
Project("{2150E333-8FDC-42A3-9474-1A3956D46DE8}") = "src", "src", "{E83B6E5C-89D7-4A40-BB57-0465DED1B173}"
EndProject
Project("{2150E333-8FDC-42A3-9474-1A3956D46DE8}") = "tests", "tests", "{561AAAC1-C083-4EE5-AEDA-547039C441B6}"
EndProject
Project("{FAE04EC0-301F-11D3-BF4B-00C04F79EFBC}") = "FC.Codeflix.Catalog.UnitTests", "tests\FC.Codeflix.Catalog.UnitTests\FC.Codeflix.Catalog.UnitTests.csproj", "{A2657B68-29D1-4637-87A9-9977CE3D4C06}"
EndProject
Project("{FAE04EC0-301F-11D3-BF4B-00C04F79EFBC}") = "FC.Codeflix.Catalog.Domain", "src\FC.Codeflix.Catalog.Domain\FC.Codeflix.Catalog.Domain.csproj", "{2514CD53-EF7D-4581-9C68-B00C0CE9761D}"
EndProject
Global
	GlobalSection(SolutionConfigurationPlatforms) = preSolution
		Debug|Any CPU = Debug|Any CPU
		Release|Any CPU = Release|Any CPU
	EndGlobalSection
	GlobalSection(NestedProjects) = preSolution
		{A2657B68-29D1-4637-87A9-9977CE3D4C06} = {561AAAC1-C083-4EE5-AEDA-547039C441B6}
		{2514CD53-EF7D-4581-9C68-B00C0CE9761D} = {E83B6E5C-89D7-4A40-BB57-0465DED1B173}
	EndGlobalSection
	GlobalSection(ProjectConfigurationPlatforms) = postSolution
		{A2657B68-29D1-4637-87A9-9977CE3D4C06}.Debug|Any CPU.ActiveCfg = Debug|Any CPU
		{A2657B68-29D1-4637-87A9-9977CE3D4C06}.Debug|Any CPU.Build.0 = Debug|Any CPU
		{A2657B68-29D1-4637-87A9-9977CE3D4C06}.Release|Any CPU.ActiveCfg = Release|Any CPU
		{A2657B68-29D1-4637-87A9-9977CE3D4C06}.Release|Any CPU.Build.0 = Release|Any CPU
		{2514CD53-EF7D-4581-9C68-B00C0CE9761D}.Debug|Any CPU.ActiveCfg = Debug|Any CPU
		{2514CD53-EF7D-4581-9C68-B00C0CE9761D}.Debug|Any CPU.Build.0 = Debug|Any CPU
		{2514CD53-EF7D-4581-9C68-B00C0CE9761D}.Release|Any CPU.ActiveCfg = Release|Any CPU
		{2514CD53-EF7D-4581-9C68-B00C0CE9761D}.Release|Any CPU.Build.0 = Release|Any CPU
	EndGlobalSection
EndGlobal
